version: 1.0
shards:
  CrystalEmail:
    github: Nephos/CrystalEmail
    version: 0.2.4

  action-controller:
    github: spider-gazelle/action-controller
    version: 2.3.0

  active-model:
    github: spider-gazelle/active-model
    version: 1.6.0

  ameba:
    github: veelenga/ameba
    version: 0.10.1

  bindata:
    github: spider-gazelle/bindata
    version: 1.2.0

  bisect:
    github: spider-gazelle/bisect
    version: 1.2.0

  coverage:
    github: anykeyh/crystal-coverage
    commit: 865383b31c51130612a9f6900a9666bcbfe9a426

  cron_parser:
    github: kostya/cron_parser
    version: 0.3.0

  crystal-rethinkdb:
    github: kingsleyh/crystal-rethinkdb
    version: 0.1.10

  delimiter_tree:
    github: drujensen/delimiter_tree
    version: 0.1.4

  engine-models:
    github: aca-labs/crystal-engine-models
    commit: 98acd836d37380ebaa8d56c4eb214d19d377f41c

  habitat:
    github: luckyframework/habitat
    version: 0.4.3

  jwt:
    github: crystal-community/jwt
    version: 1.4.0

  kilt:
    github: jeromegn/kilt
    version: 0.6.0

  neuroplastic:
    github: aca-labs/neuroplastic
    commit: 2e764788efa0e59f8b24605e3d71770459f3fb3a

  openssl_ext:
    github: stakach/openssl_ext
    version: 1.2.0

  promise:
    github: spider-gazelle/promise
    version: 2.1.0

  rethinkdb-orm:
    github: spider-gazelle/rethinkdb-orm
    commit: e3655f6b9a25d932c27f32cbaf847b2668bb1f6d

  retriable:
    github: Sija/retriable.cr
    commit: 016b9ebfae7e30f56c2db6fbca5dd95cbf7702aa

  tasker:
    github: spider-gazelle/tasker
    version: 1.2.2

