version: 1.0
shards:
  action-controller:
    github: spider-gazelle/action-controller
    version: 1.4.2

  active-model:
    github: spider-gazelle/active-model
    commit: 0e1a345bd44b613d476511ebc689e9e6933ec841

  ameba:
    github: veelenga/ameba
    version: 0.9.0

  crystal-rethinkdb:
    github: kingsleyh/crystal-rethinkdb
    version: 0.1.5

  engine-models:
    github: aca-labs/crystal-engine-models
    commit: 8473267823654b467d501d387a9a7c58d3ae6fd0

  habitat:
    github: luckyframework/habitat
    version: 0.4.0

  kilt:
    github: jeromegn/kilt
    version: 0.4.0

  radix:
    github: luislavena/radix
    version: 0.3.9

  rethinkdb-orm:
    github: spider-gazelle/rethinkdb-orm
    commit: f57eddf4760c741d2b708514217c41401a4c1411

