version: 1.0
shards:
  CrystalEmail:
    github: Nephos/CrystalEmail
    version: 0.2.4

  action-controller:
    github: spider-gazelle/action-controller
    version: 2.4.0

  active-model:
    github: spider-gazelle/active-model
    version: 1.8.2

  ameba:
    github: crystal-ameba/ameba
    version: 0.10.1

  bindata:
    github: spider-gazelle/bindata
    version: 1.2.0

  db:
    github: crystal-lang/crystal-db
    version: 0.9.0

  delimiter_tree:
    github: drujensen/delimiter_tree
    version: 0.1.4

  habitat:
    github: luckyframework/habitat
    version: 0.4.3

  jwt:
    github: crystal-community/jwt
    version: 1.4.0

  kilt:
    github: jeromegn/kilt
    version: 0.6.0

  models:
    github: placeos/models
    version: 0.8.0

  neuroplastic:
    github: spider-gazelle/neuroplastic
    version: 1.3.6

  openssl_ext:
    github: stakach/openssl_ext
    version: 1.2.0

  rethinkdb:
    github: aca-labs/crystal-rethinkdb
    version: 0.2.5

  rethinkdb-orm:
    github: spider-gazelle/rethinkdb-orm
    commit: b7968cf242a4973930ad57042c98b356f82a2bb0

  retriable:
    github: sija/retriable.cr
    version: 0.2.0

  simple_retry:
    github: spider-gazelle/simple_retry
    version: 1.1.0

